// !$*UTF8*$!
{
	archiveVersion = 1;
	classes = {
	};
	objectVersion = 46;
	objects = {

/* Begin PBXBuildFile section */
		EC5159631C69DEBB008A0EF2 /* AppDelegate.swift in Sources */ = {isa = PBXBuildFile; fileRef = EC5159621C69DEBB008A0EF2 /* AppDelegate.swift */; };
		EC5159651C69DEBB008A0EF2 /* ViewController.swift in Sources */ = {isa = PBXBuildFile; fileRef = EC5159641C69DEBB008A0EF2 /* ViewController.swift */; };
		EC5159681C69DEBB008A0EF2 /* Main.storyboard in Resources */ = {isa = PBXBuildFile; fileRef = EC5159661C69DEBB008A0EF2 /* Main.storyboard */; };
		EC51596A1C69DEBB008A0EF2 /* images.xcassets in Resources */ = {isa = PBXBuildFile; fileRef = EC5159691C69DEBB008A0EF2 /* images.xcassets */; };
		EC51596D1C69DEBB008A0EF2 /* LaunchScreen.storyboard in Resources */ = {isa = PBXBuildFile; fileRef = EC51596B1C69DEBB008A0EF2 /* LaunchScreen.storyboard */; };
		EC5159781C69DEBB008A0EF2 /* IconTests.swift in Sources */ = {isa = PBXBuildFile; fileRef = EC5159771C69DEBB008A0EF2 /* IconTests.swift */; };
		EC5159831C69DEBB008A0EF2 /* IconUITests.swift in Sources */ = {isa = PBXBuildFile; fileRef = EC5159821C69DEBB008A0EF2 /* IconUITests.swift */; };
		EC515A001C69DF1B008A0EF2 /* Contents.json in Resources */ = {isa = PBXBuildFile; fileRef = EC5159EA1C69DF1B008A0EF2 /* Contents.json */; };
		EC515A011C69DF1B008A0EF2 /* Icon-40.png in Resources */ = {isa = PBXBuildFile; fileRef = EC5159EB1C69DF1B008A0EF2 /* Icon-40.png */; };
		EC515A021C69DF1B008A0EF2 /* Icon-40@2x.png in Resources */ = {isa = PBXBuildFile; fileRef = EC5159EC1C69DF1B008A0EF2 /* Icon-40@2x.png */; };
		EC515A031C69DF1B008A0EF2 /* Icon-40@3x.png in Resources */ = {isa = PBXBuildFile; fileRef = EC5159ED1C69DF1B008A0EF2 /* Icon-40@3x.png */; };
		EC515A041C69DF1B008A0EF2 /* Icon-60@2x.png in Resources */ = {isa = PBXBuildFile; fileRef = EC5159EE1C69DF1B008A0EF2 /* Icon-60@2x.png */; };
		EC515A051C69DF1B008A0EF2 /* Icon-60@3x.png in Resources */ = {isa = PBXBuildFile; fileRef = EC5159EF1C69DF1B008A0EF2 /* Icon-60@3x.png */; };
		EC515A061C69DF1B008A0EF2 /* Icon-76.png in Resources */ = {isa = PBXBuildFile; fileRef = EC5159F01C69DF1B008A0EF2 /* Icon-76.png */; };
		EC515A071C69DF1B008A0EF2 /* Icon-76@2x.png in Resources */ = {isa = PBXBuildFile; fileRef = EC5159F11C69DF1B008A0EF2 /* Icon-76@2x.png */; };
		EC515A081C69DF1B008A0EF2 /* Icon-83.5@2x.png in Resources */ = {isa = PBXBuildFile; fileRef = EC5159F21C69DF1B008A0EF2 /* Icon-83.5@2x.png */; };
		EC515A091C69DF1B008A0EF2 /* Icon-Small.png in Resources */ = {isa = PBXBuildFile; fileRef = EC5159F31C69DF1B008A0EF2 /* Icon-Small.png */; };
		EC515A0A1C69DF1B008A0EF2 /* Icon-Small@2x.png in Resources */ = {isa = PBXBuildFile; fileRef = EC5159F41C69DF1B008A0EF2 /* Icon-Small@2x.png */; };
		EC515A0B1C69DF1B008A0EF2 /* Icon-Small@3x.png in Resources */ = {isa = PBXBuildFile; fileRef = EC5159F51C69DF1B008A0EF2 /* Icon-Small@3x.png */; };
		EC515A0C1C69DF1B008A0EF2 /* Icon-60.png in Resources */ = {isa = PBXBuildFile; fileRef = EC5159F61C69DF1B008A0EF2 /* Icon-60.png */; };
		EC515A0D1C69DF1B008A0EF2 /* Icon-72.png in Resources */ = {isa = PBXBuildFile; fileRef = EC5159F71C69DF1B008A0EF2 /* Icon-72.png */; };
		EC515A0E1C69DF1B008A0EF2 /* Icon-72@2x.png in Resources */ = {isa = PBXBuildFile; fileRef = EC5159F81C69DF1B008A0EF2 /* Icon-72@2x.png */; };
		EC515A0F1C69DF1B008A0EF2 /* Icon-Small-50.png in Resources */ = {isa = PBXBuildFile; fileRef = EC5159F91C69DF1B008A0EF2 /* Icon-Small-50.png */; };
		EC515A101C69DF1B008A0EF2 /* Icon-Small-50@2x.png in Resources */ = {isa = PBXBuildFile; fileRef = EC5159FA1C69DF1B008A0EF2 /* Icon-Small-50@2x.png */; };
		EC515A111C69DF1B008A0EF2 /* Icon.png in Resources */ = {isa = PBXBuildFile; fileRef = EC5159FB1C69DF1B008A0EF2 /* Icon.png */; };
		EC515A121C69DF1B008A0EF2 /* Icon@2x.png in Resources */ = {isa = PBXBuildFile; fileRef = EC5159FC1C69DF1B008A0EF2 /* Icon@2x.png */; };
		EC515A131C69DF1B008A0EF2 /* iTunesArtwork.png in Resources */ = {isa = PBXBuildFile; fileRef = EC5159FD1C69DF1B008A0EF2 /* iTunesArtwork.png */; };
		EC515A141C69DF1B008A0EF2 /* iTunesArtwork@2x.png in Resources */ = {isa = PBXBuildFile; fileRef = EC5159FE1C69DF1B008A0EF2 /* iTunesArtwork@2x.png */; };
/* End PBXBuildFile section */

/* Begin PBXContainerItemProxy section */
		EC5159741C69DEBB008A0EF2 /* PBXContainerItemProxy */ = {
			isa = PBXContainerItemProxy;
			containerPortal = EC5159571C69DEBB008A0EF2 /* Project object */;
			proxyType = 1;
			remoteGlobalIDString = EC51595E1C69DEBB008A0EF2;
			remoteInfo = Icon;
		};
		EC51597F1C69DEBB008A0EF2 /* PBXContainerItemProxy */ = {
			isa = PBXContainerItemProxy;
			containerPortal = EC5159571C69DEBB008A0EF2 /* Project object */;
			proxyType = 1;
			remoteGlobalIDString = EC51595E1C69DEBB008A0EF2;
			remoteInfo = Icon;
		};
/* End PBXContainerItemProxy section */

/* Begin PBXFileReference section */
		EC51595F1C69DEBB008A0EF2 /* Icon.app */ = {isa = PBXFileReference; explicitFileType = wrapper.application; includeInIndex = 0; path = Icon.app; sourceTree = BUILT_PRODUCTS_DIR; };
		EC5159621C69DEBB008A0EF2 /* AppDelegate.swift */ = {isa = PBXFileReference; lastKnownFileType = sourcecode.swift; path = AppDelegate.swift; sourceTree = "<group>"; };
		EC5159641C69DEBB008A0EF2 /* ViewController.swift */ = {isa = PBXFileReference; lastKnownFileType = sourcecode.swift; path = ViewController.swift; sourceTree = "<group>"; };
		EC5159671C69DEBB008A0EF2 /* Base */ = {isa = PBXFileReference; lastKnownFileType = file.storyboard; name = Base; path = Base.lproj/Main.storyboard; sourceTree = "<group>"; };
		EC5159691C69DEBB008A0EF2 /* images.xcassets */ = {isa = PBXFileReference; lastKnownFileType = folder.assetcatalog; path = images.xcassets; sourceTree = "<group>"; };
		EC51596C1C69DEBB008A0EF2 /* Base */ = {isa = PBXFileReference; lastKnownFileType = file.storyboard; name = Base; path = Base.lproj/LaunchScreen.storyboard; sourceTree = "<group>"; };
		EC51596E1C69DEBB008A0EF2 /* Info.plist */ = {isa = PBXFileReference; lastKnownFileType = text.plist.xml; path = Info.plist; sourceTree = "<group>"; };
		EC5159731C69DEBB008A0EF2 /* IconTests.xctest */ = {isa = PBXFileReference; explicitFileType = wrapper.cfbundle; includeInIndex = 0; path = IconTests.xctest; sourceTree = BUILT_PRODUCTS_DIR; };
		EC5159771C69DEBB008A0EF2 /* IconTests.swift */ = {isa = PBXFileReference; lastKnownFileType = sourcecode.swift; path = IconTests.swift; sourceTree = "<group>"; };
		EC5159791C69DEBB008A0EF2 /* Info.plist */ = {isa = PBXFileReference; lastKnownFileType = text.plist.xml; path = Info.plist; sourceTree = "<group>"; };
		EC51597E1C69DEBB008A0EF2 /* IconUITests.xctest */ = {isa = PBXFileReference; explicitFileType = wrapper.cfbundle; includeInIndex = 0; path = IconUITests.xctest; sourceTree = BUILT_PRODUCTS_DIR; };
		EC5159821C69DEBB008A0EF2 /* IconUITests.swift */ = {isa = PBXFileReference; lastKnownFileType = sourcecode.swift; path = IconUITests.swift; sourceTree = "<group>"; };
		EC5159841C69DEBB008A0EF2 /* Info.plist */ = {isa = PBXFileReference; lastKnownFileType = text.plist.xml; path = Info.plist; sourceTree = "<group>"; };
		EC5159EA1C69DF1B008A0EF2 /* Contents.json */ = {isa = PBXFileReference; fileEncoding = 4; lastKnownFileType = text.json; path = Contents.json; sourceTree = "<group>"; };
		EC5159EB1C69DF1B008A0EF2 /* Icon-40.png */ = {isa = PBXFileReference; lastKnownFileType = image.png; path = "Icon-40.png"; sourceTree = "<group>"; };
		EC5159EC1C69DF1B008A0EF2 /* Icon-40@2x.png */ = {isa = PBXFileReference; lastKnownFileType = image.png; path = "Icon-40@2x.png"; sourceTree = "<group>"; };
		EC5159ED1C69DF1B008A0EF2 /* Icon-40@3x.png */ = {isa = PBXFileReference; lastKnownFileType = image.png; path = "Icon-40@3x.png"; sourceTree = "<group>"; };
		EC5159EE1C69DF1B008A0EF2 /* Icon-60@2x.png */ = {isa = PBXFileReference; lastKnownFileType = image.png; path = "Icon-60@2x.png"; sourceTree = "<group>"; };
		EC5159EF1C69DF1B008A0EF2 /* Icon-60@3x.png */ = {isa = PBXFileReference; lastKnownFileType = image.png; path = "Icon-60@3x.png"; sourceTree = "<group>"; };
		EC5159F01C69DF1B008A0EF2 /* Icon-76.png */ = {isa = PBXFileReference; lastKnownFileType = image.png; path = "Icon-76.png"; sourceTree = "<group>"; };
		EC5159F11C69DF1B008A0EF2 /* Icon-76@2x.png */ = {isa = PBXFileReference; lastKnownFileType = image.png; path = "Icon-76@2x.png"; sourceTree = "<group>"; };
		EC5159F21C69DF1B008A0EF2 /* Icon-83.5@2x.png */ = {isa = PBXFileReference; lastKnownFileType = image.png; path = "Icon-83.5@2x.png"; sourceTree = "<group>"; };
		EC5159F31C69DF1B008A0EF2 /* Icon-Small.png */ = {isa = PBXFileReference; lastKnownFileType = image.png; path = "Icon-Small.png"; sourceTree = "<group>"; };
		EC5159F41C69DF1B008A0EF2 /* Icon-Small@2x.png */ = {isa = PBXFileReference; lastKnownFileType = image.png; path = "Icon-Small@2x.png"; sourceTree = "<group>"; };
		EC5159F51C69DF1B008A0EF2 /* Icon-Small@3x.png */ = {isa = PBXFileReference; lastKnownFileType = image.png; path = "Icon-Small@3x.png"; sourceTree = "<group>"; };
		EC5159F61C69DF1B008A0EF2 /* Icon-60.png */ = {isa = PBXFileReference; lastKnownFileType = image.png; path = "Icon-60.png"; sourceTree = "<group>"; };
		EC5159F71C69DF1B008A0EF2 /* Icon-72.png */ = {isa = PBXFileReference; lastKnownFileType = image.png; path = "Icon-72.png"; sourceTree = "<group>"; };
		EC5159F81C69DF1B008A0EF2 /* Icon-72@2x.png */ = {isa = PBXFileReference; lastKnownFileType = image.png; path = "Icon-72@2x.png"; sourceTree = "<group>"; };
		EC5159F91C69DF1B008A0EF2 /* Icon-Small-50.png */ = {isa = PBXFileReference; lastKnownFileType = image.png; path = "Icon-Small-50.png"; sourceTree = "<group>"; };
		EC5159FA1C69DF1B008A0EF2 /* Icon-Small-50@2x.png */ = {isa = PBXFileReference; lastKnownFileType = image.png; path = "Icon-Small-50@2x.png"; sourceTree = "<group>"; };
		EC5159FB1C69DF1B008A0EF2 /* Icon.png */ = {isa = PBXFileReference; lastKnownFileType = image.png; path = Icon.png; sourceTree = "<group>"; };
		EC5159FC1C69DF1B008A0EF2 /* Icon@2x.png */ = {isa = PBXFileReference; lastKnownFileType = image.png; path = "Icon@2x.png"; sourceTree = "<group>"; };
		EC5159FD1C69DF1B008A0EF2 /* iTunesArtwork.png */ = {isa = PBXFileReference; lastKnownFileType = image.png; path = iTunesArtwork.png; sourceTree = "<group>"; };
		EC5159FE1C69DF1B008A0EF2 /* iTunesArtwork@2x.png */ = {isa = PBXFileReference; lastKnownFileType = image.png; path = "iTunesArtwork@2x.png"; sourceTree = "<group>"; };
/* End PBXFileReference section */

/* Begin PBXFrameworksBuildPhase section */
		EC51595C1C69DEBB008A0EF2 /* Frameworks */ = {
			isa = PBXFrameworksBuildPhase;
			buildActionMask = 2147483647;
			files = (
			);
			runOnlyForDeploymentPostprocessing = 0;
		};
		EC5159701C69DEBB008A0EF2 /* Frameworks */ = {
			isa = PBXFrameworksBuildPhase;
			buildActionMask = 2147483647;
			files = (
			);
			runOnlyForDeploymentPostprocessing = 0;
		};
		EC51597B1C69DEBB008A0EF2 /* Frameworks */ = {
			isa = PBXFrameworksBuildPhase;
			buildActionMask = 2147483647;
			files = (
			);
			runOnlyForDeploymentPostprocessing = 0;
		};
/* End PBXFrameworksBuildPhase section */

/* Begin PBXGroup section */
		EC5159561C69DEBB008A0EF2 = {
			isa = PBXGroup;
			children = (
				EC5159611C69DEBB008A0EF2 /* Icon */,
				EC5159761C69DEBB008A0EF2 /* IconTests */,
				EC5159811C69DEBB008A0EF2 /* IconUITests */,
				EC5159601C69DEBB008A0EF2 /* Products */,
			);
			sourceTree = "<group>";
		};
		EC5159601C69DEBB008A0EF2 /* Products */ = {
			isa = PBXGroup;
			children = (
				EC51595F1C69DEBB008A0EF2 /* Icon.app */,
				EC5159731C69DEBB008A0EF2 /* IconTests.xctest */,
				EC51597E1C69DEBB008A0EF2 /* IconUITests.xctest */,
			);
			name = Products;
			sourceTree = "<group>";
		};
		EC5159611C69DEBB008A0EF2 /* Icon */ = {
			isa = PBXGroup;
			children = (
				EC5159E81C69DF1B008A0EF2 /* ios */,
				EC5159621C69DEBB008A0EF2 /* AppDelegate.swift */,
				EC5159641C69DEBB008A0EF2 /* ViewController.swift */,
				EC5159661C69DEBB008A0EF2 /* Main.storyboard */,
				EC5159691C69DEBB008A0EF2 /* images.xcassets */,
				EC51596B1C69DEBB008A0EF2 /* LaunchScreen.storyboard */,
				EC51596E1C69DEBB008A0EF2 /* Info.plist */,
			);
			path = Icon;
			sourceTree = "<group>";
		};
		EC5159761C69DEBB008A0EF2 /* IconTests */ = {
			isa = PBXGroup;
			children = (
				EC5159771C69DEBB008A0EF2 /* IconTests.swift */,
				EC5159791C69DEBB008A0EF2 /* Info.plist */,
			);
			path = IconTests;
			sourceTree = "<group>";
		};
		EC5159811C69DEBB008A0EF2 /* IconUITests */ = {
			isa = PBXGroup;
			children = (
				EC5159821C69DEBB008A0EF2 /* IconUITests.swift */,
				EC5159841C69DEBB008A0EF2 /* Info.plist */,
			);
			path = IconUITests;
			sourceTree = "<group>";
		};
		EC5159E81C69DF1B008A0EF2 /* ios */ = {
			isa = PBXGroup;
			children = (
				EC5159E91C69DF1B008A0EF2 /* AppIcon.appiconset */,
				EC5159F61C69DF1B008A0EF2 /* Icon-60.png */,
				EC5159F71C69DF1B008A0EF2 /* Icon-72.png */,
				EC5159F81C69DF1B008A0EF2 /* Icon-72@2x.png */,
				EC5159F91C69DF1B008A0EF2 /* Icon-Small-50.png */,
				EC5159FA1C69DF1B008A0EF2 /* Icon-Small-50@2x.png */,
				EC5159FB1C69DF1B008A0EF2 /* Icon.png */,
				EC5159FC1C69DF1B008A0EF2 /* Icon@2x.png */,
				EC5159FD1C69DF1B008A0EF2 /* iTunesArtwork.png */,
				EC5159FE1C69DF1B008A0EF2 /* iTunesArtwork@2x.png */,
			);
			path = ios;
			sourceTree = "<group>";
		};
		EC5159E91C69DF1B008A0EF2 /* AppIcon.appiconset */ = {
			isa = PBXGroup;
			children = (
				EC5159EA1C69DF1B008A0EF2 /* Contents.json */,
				EC5159EB1C69DF1B008A0EF2 /* Icon-40.png */,
				EC5159EC1C69DF1B008A0EF2 /* Icon-40@2x.png */,
				EC5159ED1C69DF1B008A0EF2 /* Icon-40@3x.png */,
				EC5159EE1C69DF1B008A0EF2 /* Icon-60@2x.png */,
				EC5159EF1C69DF1B008A0EF2 /* Icon-60@3x.png */,
				EC5159F01C69DF1B008A0EF2 /* Icon-76.png */,
				EC5159F11C69DF1B008A0EF2 /* Icon-76@2x.png */,
				EC5159F21C69DF1B008A0EF2 /* Icon-83.5@2x.png */,
				EC5159F31C69DF1B008A0EF2 /* Icon-Small.png */,
				EC5159F41C69DF1B008A0EF2 /* Icon-Small@2x.png */,
				EC5159F51C69DF1B008A0EF2 /* Icon-Small@3x.png */,
			);
			path = AppIcon.appiconset;
			sourceTree = "<group>";
		};
/* End PBXGroup section */

/* Begin PBXNativeTarget section */
		EC51595E1C69DEBB008A0EF2 /* Icon */ = {
			isa = PBXNativeTarget;
			buildConfigurationList = EC5159871C69DEBB008A0EF2 /* Build configuration list for PBXNativeTarget "Icon" */;
			buildPhases = (
				EC51595B1C69DEBB008A0EF2 /* Sources */,
				EC51595C1C69DEBB008A0EF2 /* Frameworks */,
				EC51595D1C69DEBB008A0EF2 /* Resources */,
			);
			buildRules = (
			);
			dependencies = (
			);
			name = Icon;
			productName = Icon;
			productReference = EC51595F1C69DEBB008A0EF2 /* Icon.app */;
			productType = "com.apple.product-type.application";
		};
		EC5159721C69DEBB008A0EF2 /* IconTests */ = {
			isa = PBXNativeTarget;
			buildConfigurationList = EC51598A1C69DEBB008A0EF2 /* Build configuration list for PBXNativeTarget "IconTests" */;
			buildPhases = (
				EC51596F1C69DEBB008A0EF2 /* Sources */,
				EC5159701C69DEBB008A0EF2 /* Frameworks */,
				EC5159711C69DEBB008A0EF2 /* Resources */,
			);
			buildRules = (
			);
			dependencies = (
				EC5159751C69DEBB008A0EF2 /* PBXTargetDependency */,
			);
			name = IconTests;
			productName = IconTests;
			productReference = EC5159731C69DEBB008A0EF2 /* IconTests.xctest */;
			productType = "com.apple.product-type.bundle.unit-test";
		};
		EC51597D1C69DEBB008A0EF2 /* IconUITests */ = {
			isa = PBXNativeTarget;
			buildConfigurationList = EC51598D1C69DEBB008A0EF2 /* Build configuration list for PBXNativeTarget "IconUITests" */;
			buildPhases = (
				EC51597A1C69DEBB008A0EF2 /* Sources */,
				EC51597B1C69DEBB008A0EF2 /* Frameworks */,
				EC51597C1C69DEBB008A0EF2 /* Resources */,
			);
			buildRules = (
			);
			dependencies = (
				EC5159801C69DEBB008A0EF2 /* PBXTargetDependency */,
			);
			name = IconUITests;
			productName = IconUITests;
			productReference = EC51597E1C69DEBB008A0EF2 /* IconUITests.xctest */;
			productType = "com.apple.product-type.bundle.ui-testing";
		};
/* End PBXNativeTarget section */

/* Begin PBXProject section */
		EC5159571C69DEBB008A0EF2 /* Project object */ = {
			isa = PBXProject;
			attributes = {
				LastSwiftUpdateCheck = 0720;
				LastUpgradeCheck = 0720;
				ORGANIZATIONNAME = "南部匡寛";
				TargetAttributes = {
					EC51595E1C69DEBB008A0EF2 = {
						CreatedOnToolsVersion = 7.2.1;
					};
					EC5159721C69DEBB008A0EF2 = {
						CreatedOnToolsVersion = 7.2.1;
						TestTargetID = EC51595E1C69DEBB008A0EF2;
					};
					EC51597D1C69DEBB008A0EF2 = {
						CreatedOnToolsVersion = 7.2.1;
						TestTargetID = EC51595E1C69DEBB008A0EF2;
					};
				};
			};
			buildConfigurationList = EC51595A1C69DEBB008A0EF2 /* Build configuration list for PBXProject "Icon" */;
			compatibilityVersion = "Xcode 3.2";
			developmentRegion = English;
			hasScannedForEncodings = 0;
			knownRegions = (
				en,
				Base,
			);
			mainGroup = EC5159561C69DEBB008A0EF2;
			productRefGroup = EC5159601C69DEBB008A0EF2 /* Products */;
			projectDirPath = "";
			projectRoot = "";
			targets = (
				EC51595E1C69DEBB008A0EF2 /* Icon */,
				EC5159721C69DEBB008A0EF2 /* IconTests */,
				EC51597D1C69DEBB008A0EF2 /* IconUITests */,
			);
		};
/* End PBXProject section */

/* Begin PBXResourcesBuildPhase section */
		EC51595D1C69DEBB008A0EF2 /* Resources */ = {
			isa = PBXResourcesBuildPhase;
			buildActionMask = 2147483647;
			files = (
				EC515A0F1C69DF1B008A0EF2 /* Icon-Small-50.png in Resources */,
				EC51596D1C69DEBB008A0EF2 /* LaunchScreen.storyboard in Resources */,
				EC515A101C69DF1B008A0EF2 /* Icon-Small-50@2x.png in Resources */,
				EC51596A1C69DEBB008A0EF2 /* images.xcassets in Resources */,
				EC515A0E1C69DF1B008A0EF2 /* Icon-72@2x.png in Resources */,
				EC515A121C69DF1B008A0EF2 /* Icon@2x.png in Resources */,
				EC5159681C69DEBB008A0EF2 /* Main.storyboard in Resources */,
				EC515A0B1C69DF1B008A0EF2 /* Icon-Small@3x.png in Resources */,
				EC515A091C69DF1B008A0EF2 /* Icon-Small.png in Resources */,
				EC515A131C69DF1B008A0EF2 /* iTunesArtwork.png in Resources */,
				EC515A021C69DF1B008A0EF2 /* Icon-40@2x.png in Resources */,
				EC515A001C69DF1B008A0EF2 /* Contents.json in Resources */,
				EC515A081C69DF1B008A0EF2 /* Icon-83.5@2x.png in Resources */,
				EC515A071C69DF1B008A0EF2 /* Icon-76@2x.png in Resources */,
				EC515A111C69DF1B008A0EF2 /* Icon.png in Resources */,
				EC515A031C69DF1B008A0EF2 /* Icon-40@3x.png in Resources */,
				EC515A0C1C69DF1B008A0EF2 /* Icon-60.png in Resources */,
				EC515A051C69DF1B008A0EF2 /* Icon-60@3x.png in Resources */,
				EC515A061C69DF1B008A0EF2 /* Icon-76.png in Resources */,
				EC515A141C69DF1B008A0EF2 /* iTunesArtwork@2x.png in Resources */,
				EC515A011C69DF1B008A0EF2 /* Icon-40.png in Resources */,
				EC515A0D1C69DF1B008A0EF2 /* Icon-72.png in Resources */,
				EC515A041C69DF1B008A0EF2 /* Icon-60@2x.png in Resources */,
				EC515A0A1C69DF1B008A0EF2 /* Icon-Small@2x.png in Resources */,
			);
			runOnlyForDeploymentPostprocessing = 0;
		};
		EC5159711C69DEBB008A0EF2 /* Resources */ = {
			isa = PBXResourcesBuildPhase;
			buildActionMask = 2147483647;
			files = (
			);
			runOnlyForDeploymentPostprocessing = 0;
		};
		EC51597C1C69DEBB008A0EF2 /* Resources */ = {
			isa = PBXResourcesBuildPhase;
			buildActionMask = 2147483647;
			files = (
			);
			runOnlyForDeploymentPostprocessing = 0;
		};
/* End PBXResourcesBuildPhase section */

/* Begin PBXSourcesBuildPhase section */
		EC51595B1C69DEBB008A0EF2 /* Sources */ = {
			isa = PBXSourcesBuildPhase;
			buildActionMask = 2147483647;
			files = (
				EC5159651C69DEBB008A0EF2 /* ViewController.swift in Sources */,
				EC5159631C69DEBB008A0EF2 /* AppDelegate.swift in Sources */,
			);
			runOnlyForDeploymentPostprocessing = 0;
		};
		EC51596F1C69DEBB008A0EF2 /* Sources */ = {
			isa = PBXSourcesBuildPhase;
			buildActionMask = 2147483647;
			files = (
				EC5159781C69DEBB008A0EF2 /* IconTests.swift in Sources */,
			);
			runOnlyForDeploymentPostprocessing = 0;
		};
		EC51597A1C69DEBB008A0EF2 /* Sources */ = {
			isa = PBXSourcesBuildPhase;
			buildActionMask = 2147483647;
			files = (
				EC5159831C69DEBB008A0EF2 /* IconUITests.swift in Sources */,
			);
			runOnlyForDeploymentPostprocessing = 0;
		};
/* End PBXSourcesBuildPhase section */

/* Begin PBXTargetDependency section */
		EC5159751C69DEBB008A0EF2 /* PBXTargetDependency */ = {
			isa = PBXTargetDependency;
			target = EC51595E1C69DEBB008A0EF2 /* Icon */;
			targetProxy = EC5159741C69DEBB008A0EF2 /* PBXContainerItemProxy */;
		};
		EC5159801C69DEBB008A0EF2 /* PBXTargetDependency */ = {
			isa = PBXTargetDependency;
			target = EC51595E1C69DEBB008A0EF2 /* Icon */;
			targetProxy = EC51597F1C69DEBB008A0EF2 /* PBXContainerItemProxy */;
		};
/* End PBXTargetDependency section */

/* Begin PBXVariantGroup section */
		EC5159661C69DEBB008A0EF2 /* Main.storyboard */ = {
			isa = PBXVariantGroup;
			children = (
				EC5159671C69DEBB008A0EF2 /* Base */,
			);
			name = Main.storyboard;
			sourceTree = "<group>";
		};
		EC51596B1C69DEBB008A0EF2 /* LaunchScreen.storyboard */ = {
			isa = PBXVariantGroup;
			children = (
				EC51596C1C69DEBB008A0EF2 /* Base */,
			);
			name = LaunchScreen.storyboard;
			sourceTree = "<group>";
		};
/* End PBXVariantGroup section */

/* Begin XCBuildConfiguration section */
		EC5159851C69DEBB008A0EF2 /* Debug */ = {
			isa = XCBuildConfiguration;
			buildSettings = {
				ALWAYS_SEARCH_USER_PATHS = NO;
				CLANG_CXX_LANGUAGE_STANDARD = "gnu++0x";
				CLANG_CXX_LIBRARY = "libc++";
				CLANG_ENABLE_MODULES = YES;
				CLANG_ENABLE_OBJC_ARC = YES;
				CLANG_WARN_BOOL_CONVERSION = YES;
				CLANG_WARN_CONSTANT_CONVERSION = YES;
				CLANG_WARN_DIRECT_OBJC_ISA_USAGE = YES_ERROR;
				CLANG_WARN_EMPTY_BODY = YES;
				CLANG_WARN_ENUM_CONVERSION = YES;
				CLANG_WARN_INT_CONVERSION = YES;
				CLANG_WARN_OBJC_ROOT_CLASS = YES_ERROR;
				CLANG_WARN_UNREACHABLE_CODE = YES;
				CLANG_WARN__DUPLICATE_METHOD_MATCH = YES;
				"CODE_SIGN_IDENTITY[sdk=iphoneos*]" = "iPhone Developer";
				COPY_PHASE_STRIP = NO;
				DEBUG_INFORMATION_FORMAT = dwarf;
				ENABLE_STRICT_OBJC_MSGSEND = YES;
				ENABLE_TESTABILITY = YES;
				GCC_C_LANGUAGE_STANDARD = gnu99;
				GCC_DYNAMIC_NO_PIC = NO;
				GCC_NO_COMMON_BLOCKS = YES;
				GCC_OPTIMIZATION_LEVEL = 0;
				GCC_PREPROCESSOR_DEFINITIONS = (
					"DEBUG=1",
					"$(inherited)",
				);
				GCC_WARN_64_TO_32_BIT_CONVERSION = YES;
				GCC_WARN_ABOUT_RETURN_TYPE = YES_ERROR;
				GCC_WARN_UNDECLARED_SELECTOR = YES;
				GCC_WARN_UNINITIALIZED_AUTOS = YES_AGGRESSIVE;
				GCC_WARN_UNUSED_FUNCTION = YES;
				GCC_WARN_UNUSED_VARIABLE = YES;
				IPHONEOS_DEPLOYMENT_TARGET = 9.2;
				MTL_ENABLE_DEBUG_INFO = YES;
				ONLY_ACTIVE_ARCH = YES;
				SDKROOT = iphoneos;
				SWIFT_OPTIMIZATION_LEVEL = "-Onone";
			};
			name = Debug;
		};
		EC5159861C69DEBB008A0EF2 /* Release */ = {
			isa = XCBuildConfiguration;
			buildSettings = {
				ALWAYS_SEARCH_USER_PATHS = NO;
				CLANG_CXX_LANGUAGE_STANDARD = "gnu++0x";
				CLANG_CXX_LIBRARY = "libc++";
				CLANG_ENABLE_MODULES = YES;
				CLANG_ENABLE_OBJC_ARC = YES;
				CLANG_WARN_BOOL_CONVERSION = YES;
				CLANG_WARN_CONSTANT_CONVERSION = YES;
				CLANG_WARN_DIRECT_OBJC_ISA_USAGE = YES_ERROR;
				CLANG_WARN_EMPTY_BODY = YES;
				CLANG_WARN_ENUM_CONVERSION = YES;
				CLANG_WARN_INT_CONVERSION = YES;
				CLANG_WARN_OBJC_ROOT_CLASS = YES_ERROR;
				CLANG_WARN_UNREACHABLE_CODE = YES;
				CLANG_WARN__DUPLICATE_METHOD_MATCH = YES;
				"CODE_SIGN_IDENTITY[sdk=iphoneos*]" = "iPhone Developer";
				COPY_PHASE_STRIP = NO;
				DEBUG_INFORMATION_FORMAT = "dwarf-with-dsym";
				ENABLE_NS_ASSERTIONS = NO;
				ENABLE_STRICT_OBJC_MSGSEND = YES;
				GCC_C_LANGUAGE_STANDARD = gnu99;
				GCC_NO_COMMON_BLOCKS = YES;
				GCC_WARN_64_TO_32_BIT_CONVERSION = YES;
				GCC_WARN_ABOUT_RETURN_TYPE = YES_ERROR;
				GCC_WARN_UNDECLARED_SELECTOR = YES;
				GCC_WARN_UNINITIALIZED_AUTOS = YES_AGGRESSIVE;
				GCC_WARN_UNUSED_FUNCTION = YES;
				GCC_WARN_UNUSED_VARIABLE = YES;
				IPHONEOS_DEPLOYMENT_TARGET = 9.2;
				MTL_ENABLE_DEBUG_INFO = NO;
				SDKROOT = iphoneos;
				VALIDATE_PRODUCT = YES;
			};
			name = Release;
		};
		EC5159881C69DEBB008A0EF2 /* Debug */ = {
			isa = XCBuildConfiguration;
			buildSettings = {
				ASSETCATALOG_COMPILER_APPICON_NAME = AppIcon;
				INFOPLIST_FILE = Icon/Info.plist;
				LD_RUNPATH_SEARCH_PATHS = "$(inherited) @executable_path/Frameworks";
				PRODUCT_BUNDLE_IDENTIFIER = edu.self.Icon;
				PRODUCT_NAME = "$(TARGET_NAME)";
			};
			name = Debug;
		};
		EC5159891C69DEBB008A0EF2 /* Release */ = {
			isa = XCBuildConfiguration;
			buildSettings = {
				ASSETCATALOG_COMPILER_APPICON_NAME = AppIcon;
				INFOPLIST_FILE = Icon/Info.plist;
				LD_RUNPATH_SEARCH_PATHS = "$(inherited) @executable_path/Frameworks";
				PRODUCT_BUNDLE_IDENTIFIER = edu.self.Icon;
				PRODUCT_NAME = "$(TARGET_NAME)";
			};
			name = Release;
		};
		EC51598B1C69DEBB008A0EF2 /* Debug */ = {
			isa = XCBuildConfiguration;
			buildSettings = {
				BUNDLE_LOADER = "$(TEST_HOST)";
				INFOPLIST_FILE = IconTests/Info.plist;
				LD_RUNPATH_SEARCH_PATHS = "$(inherited) @executable_path/Frameworks @loader_path/Frameworks";
				PRODUCT_BUNDLE_IDENTIFIER = edu.self.IconTests;
				PRODUCT_NAME = "$(TARGET_NAME)";
				TEST_HOST = "$(BUILT_PRODUCTS_DIR)/Icon.app/Icon";
			};
			name = Debug;
		};
		EC51598C1C69DEBB008A0EF2 /* Release */ = {
			isa = XCBuildConfiguration;
			buildSettings = {
				BUNDLE_LOADER = "$(TEST_HOST)";
				INFOPLIST_FILE = IconTests/Info.plist;
				LD_RUNPATH_SEARCH_PATHS = "$(inherited) @executable_path/Frameworks @loader_path/Frameworks";
				PRODUCT_BUNDLE_IDENTIFIER = edu.self.IconTests;
				PRODUCT_NAME = "$(TARGET_NAME)";
				TEST_HOST = "$(BUILT_PRODUCTS_DIR)/Icon.app/Icon";
			};
			name = Release;
		};
		EC51598E1C69DEBB008A0EF2 /* Debug */ = {
			isa = XCBuildConfiguration;
			buildSettings = {
				INFOPLIST_FILE = IconUITests/Info.plist;
				LD_RUNPATH_SEARCH_PATHS = "$(inherited) @executable_path/Frameworks @loader_path/Frameworks";
				PRODUCT_BUNDLE_IDENTIFIER = edu.self.IconUITests;
				PRODUCT_NAME = "$(TARGET_NAME)";
				TEST_TARGET_NAME = Icon;
				USES_XCTRUNNER = YES;
			};
			name = Debug;
		};
		EC51598F1C69DEBB008A0EF2 /* Release */ = {
			isa = XCBuildConfiguration;
			buildSettings = {
				INFOPLIST_FILE = IconUITests/Info.plist;
				LD_RUNPATH_SEARCH_PATHS = "$(inherited) @executable_path/Frameworks @loader_path/Frameworks";
				PRODUCT_BUNDLE_IDENTIFIER = edu.self.IconUITests;
				PRODUCT_NAME = "$(TARGET_NAME)";
				TEST_TARGET_NAME = Icon;
				USES_XCTRUNNER = YES;
			};
			name = Release;
		};
/* End XCBuildConfiguration section */

/* Begin XCConfigurationList section */
		EC51595A1C69DEBB008A0EF2 /* Build configuration list for PBXProject "Icon" */ = {
			isa = XCConfigurationList;
			buildConfigurations = (
				EC5159851C69DEBB008A0EF2 /* Debug */,
				EC5159861C69DEBB008A0EF2 /* Release */,
			);
			defaultConfigurationIsVisible = 0;
			defaultConfigurationName = Release;
		};
		EC5159871C69DEBB008A0EF2 /* Build configuration list for PBXNativeTarget "Icon" */ = {
			isa = XCConfigurationList;
			buildConfigurations = (
				EC5159881C69DEBB008A0EF2 /* Debug */,
				EC5159891C69DEBB008A0EF2 /* Release */,
			);
			defaultConfigurationIsVisible = 0;
		};
		EC51598A1C69DEBB008A0EF2 /* Build configuration list for PBXNativeTarget "IconTests" */ = {
			isa = XCConfigurationList;
			buildConfigurations = (
				EC51598B1C69DEBB008A0EF2 /* Debug */,
				EC51598C1C69DEBB008A0EF2 /* Release */,
			);
			defaultConfigurationIsVisible = 0;
		};
		EC51598D1C69DEBB008A0EF2 /* Build configuration list for PBXNativeTarget "IconUITests" */ = {
			isa = XCConfigurationList;
			buildConfigurations = (
				EC51598E1C69DEBB008A0EF2 /* Debug */,
				EC51598F1C69DEBB008A0EF2 /* Release */,
			);
			defaultConfigurationIsVisible = 0;
		};
/* End XCConfigurationList section */
	};
	rootObject = EC5159571C69DEBB008A0EF2 /* Project object */;
}
